{
  "name": "cypress-work",
  "version": "1.0.0",
  "lockfileVersion": 3,
  "requires": true,
  "packages": {
    "": {
      "name": "cypress-work",
      "version": "1.0.0",
      "license": "ISC",
      "dependencies": {
        "-": "^0.0.1",
        "angular": "^1.8.3",
        "D": "^1.0.0",
        "faker": "^6.6.6",
        "protector": "^1.0.0"
      },
      "devDependencies": {
        "@cypress/xpath": "^2.0.3",
        "@faker-js/faker": "^8.0.2",
        "Faker": "^0.7.2"
      }
    },
    "node_modules/-": {
      "version": "0.0.1",
      "resolved": "https://registry.npmjs.org/-/-/--0.0.1.tgz",
      "integrity": "sha512-3HfneK3DGAm05fpyj20sT3apkNcvPpCuccOThOPdzz8sY7GgQGe0l93XH9bt+YzibcTIgUAIMoyVJI740RtgyQ=="
    },
    "node_modules/@cypress/xpath": {
      "version": "2.0.3",
      "resolved": "https://registry.npmjs.org/@cypress/xpath/-/xpath-2.0.3.tgz",
      "integrity": "sha512-Seilxmws+yty5lZSbwbjEOOiEbr7O1bCxKy2FC4jwMssC22yjByb5orDfBZPLZXYfmWZafJjvZFwts4Q3CzQAg==",
      "deprecated": "Package no longer supported. Contact Support at https://www.npmjs.com/support for more info.",
      "dev": true
    },
    "node_modules/@faker-js/faker": {
      "version": "8.0.2",
      "resolved": "https://registry.npmjs.org/@faker-js/faker/-/faker-8.0.2.tgz",
      "integrity": "sha512-Uo3pGspElQW91PCvKSIAXoEgAUlRnH29sX2/p89kg7sP1m2PzCufHINd0FhTXQf6DYGiUlVncdSPa2F9wxed2A==",
      "dev": true,
      "funding": [
        {
          "type": "opencollective",
          "url": "https://opencollective.com/fakerjs"
        }
      ],
      "engines": {
        "node": "^14.17.0 || ^16.13.0 || >=18.0.0",
        "npm": ">=6.14.13"
      }
    },
    "node_modules/angular": {
      "version": "1.8.3",
      "resolved": "https://registry.npmjs.org/angular/-/angular-1.8.3.tgz",
      "integrity": "sha512-5qjkWIQQVsHj4Sb5TcEs4WZWpFeVFHXwxEBHUhrny41D8UrBAd6T/6nPPAsLngJCReIOqi95W3mxdveveutpZw==",
      "deprecated": "For the actively supported Angular, see https://www.npmjs.com/package/@angular/core. AngularJS support has officially ended. For extended AngularJS support options, see https://goo.gle/angularjs-path-forward."
    },
    "node_modules/D": {
      "version": "1.0.0",
      "resolved": "https://registry.npmjs.org/D/-/D-1.0.0.tgz",
      "integrity": "sha512-nQvrCBu7K2pSSEtIM0EEF03FVjcczCXInMt3moLNFbjlWx6bZrX72uT6/1uAXDbnzGUAx9gTyDiQ+vrFi663oA==",
      "deprecated": "Package no longer supported. Contact support@npmjs.com for more info."
    },
    "node_modules/Faker": {
      "version": "0.7.2",
      "resolved": "https://registry.npmjs.org/Faker/-/Faker-0.7.2.tgz",
      "integrity": "sha512-CNWg/i2kZrO/y8fqjRVbJeejInydPYb/qTNHU5S086eEWRRBwAxYvVvvM4G7Z8fQ4HQgZiL6z+sruCfsRg0RfQ==",
      "deprecated": "Please use the (lowercase) 'faker' package from now on.",
      "dev": true
    },
    "node_modules/protector": {
      "version": "1.0.0",
      "resolved": "https://registry.npmjs.org/protector/-/protector-1.0.0.tgz",
      "integrity": "sha512-vkvKnGsyvNWmgy1dzj4ZKaNbH4ipTCjp7W188L8O/Vs/DbkM87fOw3gnv7Jx0GHhf3/noZkzjK2zQIBx/TBjKQ=="
    }
  }
}
